// !$*UTF8*$!
{
	archiveVersion = 1;
	classes = {
	};
	objectVersion = 56;
	objects = {

/* Begin PBXBuildFile section */
		DDDAF7D82C062B8D00864011 /* AppDelegate.swift in Sources */ = {isa = PBXBuildFile; fileRef = DDDAF7D72C062B8D00864011 /* AppDelegate.swift */; };
		DDDAF7DA2C062B8D00864011 /* SceneDelegate.swift in Sources */ = {isa = PBXBuildFile; fileRef = DDDAF7D92C062B8D00864011 /* SceneDelegate.swift */; };
		DDDAF7DC2C062B8D00864011 /* ViewController.swift in Sources */ = {isa = PBXBuildFile; fileRef = DDDAF7DB2C062B8D00864011 /* ViewController.swift */; };
		DDDAF7DF2C062B8D00864011 /* Base in Resources */ = {isa = PBXBuildFile; fileRef = DDDAF7DE2C062B8D00864011 /* Base */; };
		DDDAF7E12C062B8E00864011 /* Assets.xcassets in Resources */ = {isa = PBXBuildFile; fileRef = DDDAF7E02C062B8E00864011 /* Assets.xcassets */; };
		DDDAF7E42C062B8E00864011 /* Base in Resources */ = {isa = PBXBuildFile; fileRef = DDDAF7E32C062B8E00864011 /* Base */; };
		DDDAF7F02C06EE4300864011 /* PostModelClass.swift in Sources */ = {isa = PBXBuildFile; fileRef = DDDAF7EF2C06EE4300864011 /* PostModelClass.swift */; };
		DDDAF7F32C06EEF400864011 /* PostTableViewCell.swift in Sources */ = {isa = PBXBuildFile; fileRef = DDDAF7F12C06EEF400864011 /* PostTableViewCell.swift */; };
		DDDAF7F42C06EEF400864011 /* PostTableViewCell.xib in Resources */ = {isa = PBXBuildFile; fileRef = DDDAF7F22C06EEF400864011 /* PostTableViewCell.xib */; };
		DDDAF7F82C06F6BB00864011 /* PostDetailViewController.swift in Sources */ = {isa = PBXBuildFile; fileRef = DDDAF7F72C06F6BB00864011 /* PostDetailViewController.swift */; };
/* End PBXBuildFile section */

/* Begin PBXFileReference section */
		DDDAF7D42C062B8D00864011 /* IOSAssessment.app */ = {isa = PBXFileReference; explicitFileType = wrapper.application; includeInIndex = 0; path = IOSAssessment.app; sourceTree = BUILT_PRODUCTS_DIR; };
		DDDAF7D72C062B8D00864011 /* AppDelegate.swift */ = {isa = PBXFileReference; lastKnownFileType = sourcecode.swift; path = AppDelegate.swift; sourceTree = "<group>"; };
		DDDAF7D92C062B8D00864011 /* SceneDelegate.swift */ = {isa = PBXFileReference; lastKnownFileType = sourcecode.swift; path = SceneDelegate.swift; sourceTree = "<group>"; };
		DDDAF7DB2C062B8D00864011 /* ViewController.swift */ = {isa = PBXFileReference; lastKnownFileType = sourcecode.swift; path = ViewController.swift; sourceTree = "<group>"; };
		DDDAF7DE2C062B8D00864011 /* Base */ = {isa = PBXFileReference; lastKnownFileType = file.storyboard; name = Base; path = Base.lproj/Main.storyboard; sourceTree = "<group>"; };
		DDDAF7E02C062B8E00864011 /* Assets.xcassets */ = {isa = PBXFileReference; lastKnownFileType = folder.assetcatalog; path = Assets.xcassets; sourceTree = "<group>"; };
		DDDAF7E32C062B8E00864011 /* Base */ = {isa = PBXFileReference; lastKnownFileType = file.storyboard; name = Base; path = Base.lproj/LaunchScreen.storyboard; sourceTree = "<group>"; };
		DDDAF7E52C062B8E00864011 /* Info.plist */ = {isa = PBXFileReference; lastKnownFileType = text.plist.xml; path = Info.plist; sourceTree = "<group>"; };
		DDDAF7EF2C06EE4300864011 /* PostModelClass.swift */ = {isa = PBXFileReference; lastKnownFileType = sourcecode.swift; path = PostModelClass.swift; sourceTree = "<group>"; };
		DDDAF7F12C06EEF400864011 /* PostTableViewCell.swift */ = {isa = PBXFileReference; lastKnownFileType = sourcecode.swift; path = PostTableViewCell.swift; sourceTree = "<group>"; };
		DDDAF7F22C06EEF400864011 /* PostTableViewCell.xib */ = {isa = PBXFileReference; lastKnownFileType = file.xib; path = PostTableViewCell.xib; sourceTree = "<group>"; };
		DDDAF7F72C06F6BB00864011 /* PostDetailViewController.swift */ = {isa = PBXFileReference; lastKnownFileType = sourcecode.swift; path = PostDetailViewController.swift; sourceTree = "<group>"; };
/* End PBXFileReference section */

/* Begin PBXFrameworksBuildPhase section */
		DDDAF7D12C062B8D00864011 /* Frameworks */ = {
			isa = PBXFrameworksBuildPhase;
			buildActionMask = 2147483647;
			files = (
			);
			runOnlyForDeploymentPostprocessing = 0;
		};
/* End PBXFrameworksBuildPhase section */

/* Begin PBXGroup section */
		DDDAF7CB2C062B8D00864011 = {
			isa = PBXGroup;
			children = (
				DDDAF7D62C062B8D00864011 /* IOSAssessment */,
				DDDAF7D52C062B8D00864011 /* Products */,
			);
			sourceTree = "<group>";
		};
		DDDAF7D52C062B8D00864011 /* Products */ = {
			isa = PBXGroup;
			children = (
				DDDAF7D42C062B8D00864011 /* IOSAssessment.app */,
			);
			name = Products;
			sourceTree = "<group>";
		};
		DDDAF7D62C062B8D00864011 /* IOSAssessment */ = {
			isa = PBXGroup;
			children = (
				DDDAF7D72C062B8D00864011 /* AppDelegate.swift */,
				DDDAF7D92C062B8D00864011 /* SceneDelegate.swift */,
				DDDAF7FA2C06FBA900864011 /* ViewController */,
				DDDAF7F92C06FB8D00864011 /* PostCell */,
				DDDAF7FB2C06FBE300864011 /* Models */,
				DDDAF7DD2C062B8D00864011 /* Main.storyboard */,
				DDDAF7E02C062B8E00864011 /* Assets.xcassets */,
				DDDAF7E22C062B8E00864011 /* LaunchScreen.storyboard */,
				DDDAF7E52C062B8E00864011 /* Info.plist */,
			);
			path = IOSAssessment;
			sourceTree = "<group>";
		};
		DDDAF7F92C06FB8D00864011 /* PostCell */ = {
			isa = PBXGroup;
			children = (
				DDDAF7F12C06EEF400864011 /* PostTableViewCell.swift */,
				DDDAF7F22C06EEF400864011 /* PostTableViewCell.xib */,
			);
			path = PostCell;
			sourceTree = "<group>";
		};
		DDDAF7FA2C06FBA900864011 /* ViewController */ = {
			isa = PBXGroup;
			children = (
				DDDAF7F72C06F6BB00864011 /* PostDetailViewController.swift */,
				DDDAF7DB2C062B8D00864011 /* ViewController.swift */,
			);
			path = ViewController;
			sourceTree = "<group>";
		};
		DDDAF7FB2C06FBE300864011 /* Models */ = {
			isa = PBXGroup;
			children = (
				DDDAF7EF2C06EE4300864011 /* PostModelClass.swift */,
			);
			path = Models;
			sourceTree = "<group>";
		};
/* End PBXGroup section */

/* Begin PBXNativeTarget section */
		DDDAF7D32C062B8D00864011 /* IOSAssessment */ = {
			isa = PBXNativeTarget;
			buildConfigurationList = DDDAF7E82C062B8E00864011 /* Build configuration list for PBXNativeTarget "IOSAssessment" */;
			buildPhases = (
				DDDAF7D02C062B8D00864011 /* Sources */,
				DDDAF7D12C062B8D00864011 /* Frameworks */,
				DDDAF7D22C062B8D00864011 /* Resources */,
			);
			buildRules = (
			);
			dependencies = (
			);
			name = IOSAssessment;
			productName = IOSAssessment;
			productReference = DDDAF7D42C062B8D00864011 /* IOSAssessment.app */;
			productType = "com.apple.product-type.application";
		};
/* End PBXNativeTarget section */

/* Begin PBXProject section */
		DDDAF7CC2C062B8D00864011 /* Project object */ = {
			isa = PBXProject;
			attributes = {
				BuildIndependentTargetsInParallel = 1;
				LastSwiftUpdateCheck = 1530;
				LastUpgradeCheck = 1530;
				TargetAttributes = {
					DDDAF7D32C062B8D00864011 = {
						CreatedOnToolsVersion = 15.3;
					};
				};
			};
			buildConfigurationList = DDDAF7CF2C062B8D00864011 /* Build configuration list for PBXProject "IOSAssessment" */;
			compatibilityVersion = "Xcode 14.0";
			developmentRegion = en;
			hasScannedForEncodings = 0;
			knownRegions = (
				en,
				Base,
			);
			mainGroup = DDDAF7CB2C062B8D00864011;
			productRefGroup = DDDAF7D52C062B8D00864011 /* Products */;
			projectDirPath = "";
			projectRoot = "";
			targets = (
				DDDAF7D32C062B8D00864011 /* IOSAssessment */,
			);
		};
/* End PBXProject section */

/* Begin PBXResourcesBuildPhase section */
		DDDAF7D22C062B8D00864011 /* Resources */ = {
			isa = PBXResourcesBuildPhase;
			buildActionMask = 2147483647;
			files = (
				DDDAF7E12C062B8E00864011 /* Assets.xcassets in Resources */,
				DDDAF7E42C062B8E00864011 /* Base in Resources */,
				DDDAF7DF2C062B8D00864011 /* Base in Resources */,
				DDDAF7F42C06EEF400864011 /* PostTableViewCell.xib in Resources */,
			);
			runOnlyForDeploymentPostprocessing = 0;
		};
/* End PBXResourcesBuildPhase section */

/* Begin PBXSourcesBuildPhase section */
		DDDAF7D02C062B8D00864011 /* Sources */ = {
			isa = PBXSourcesBuildPhase;
			buildActionMask = 2147483647;
			files = (
				DDDAF7DC2C062B8D00864011 /* ViewController.swift in Sources */,
				DDDAF7F82C06F6BB00864011 /* PostDetailViewController.swift in Sources */,
				DDDAF7D82C062B8D00864011 /* AppDelegate.swift in Sources */,
				DDDAF7F02C06EE4300864011 /* PostModelClass.swift in Sources */,
				DDDAF7DA2C062B8D00864011 /* SceneDelegate.swift in Sources */,
				DDDAF7F32C06EEF400864011 /* PostTableViewCell.swift in Sources */,
			);
			runOnlyForDeploymentPostprocessing = 0;
		};
/* End PBXSourcesBuildPhase section */

/* Begin PBXVariantGroup section */
		DDDAF7DD2C062B8D00864011 /* Main.storyboard */ = {
			isa = PBXVariantGroup;
			children = (
				DDDAF7DE2C062B8D00864011 /* Base */,
			);
			name = Main.storyboard;
			sourceTree = "<group>";
		};
		DDDAF7E22C062B8E00864011 /* LaunchScreen.storyboard */ = {
			isa = PBXVariantGroup;
			children = (
				DDDAF7E32C062B8E00864011 /* Base */,
			);
			name = LaunchScreen.storyboard;
			sourceTree = "<group>";
		};
/* End PBXVariantGroup section */

/* Begin XCBuildConfiguration section */
		DDDAF7E62C062B8E00864011 /* Debug */ = {
			isa = XCBuildConfiguration;
			buildSettings = {
				ALWAYS_SEARCH_USER_PATHS = NO;
				ASSETCATALOG_COMPILER_GENERATE_SWIFT_ASSET_SYMBOL_EXTENSIONS = YES;
				CLANG_ANALYZER_NONNULL = YES;
				CLANG_ANALYZER_NUMBER_OBJECT_CONVERSION = YES_AGGRESSIVE;
				CLANG_CXX_LANGUAGE_STANDARD = "gnu++20";
				CLANG_ENABLE_MODULES = YES;
				CLANG_ENABLE_OBJC_ARC = YES;
				CLANG_ENABLE_OBJC_WEAK = YES;
				CLANG_WARN_BLOCK_CAPTURE_AUTORELEASING = YES;
				CLANG_WARN_BOOL_CONVERSION = YES;
				CLANG_WARN_COMMA = YES;
				CLANG_WARN_CONSTANT_CONVERSION = YES;
				CLANG_WARN_DEPRECATED_OBJC_IMPLEMENTATIONS = YES;
				CLANG_WARN_DIRECT_OBJC_ISA_USAGE = YES_ERROR;
				CLANG_WARN_DOCUMENTATION_COMMENTS = YES;
				CLANG_WARN_EMPTY_BODY = YES;
				CLANG_WARN_ENUM_CONVERSION = YES;
				CLANG_WARN_INFINITE_RECURSION = YES;
				CLANG_WARN_INT_CONVERSION = YES;
				CLANG_WARN_NON_LITERAL_NULL_CONVERSION = YES;
				CLANG_WARN_OBJC_IMPLICIT_RETAIN_SELF = YES;
				CLANG_WARN_OBJC_LITERAL_CONVERSION = YES;
				CLANG_WARN_OBJC_ROOT_CLASS = YES_ERROR;
				CLANG_WARN_QUOTED_INCLUDE_IN_FRAMEWORK_HEADER = YES;
				CLANG_WARN_RANGE_LOOP_ANALYSIS = YES;
				CLANG_WARN_STRICT_PROTOTYPES = YES;
				CLANG_WARN_SUSPICIOUS_MOVE = YES;
				CLANG_WARN_UNGUARDED_AVAILABILITY = YES_AGGRESSIVE;
				CLANG_WARN_UNREACHABLE_CODE = YES;
				CLANG_WARN__DUPLICATE_METHOD_MATCH = YES;
				COPY_PHASE_STRIP = NO;
				DEBUG_INFORMATION_FORMAT = dwarf;
				ENABLE_STRICT_OBJC_MSGSEND = YES;
				ENABLE_TESTABILITY = YES;
				ENABLE_USER_SCRIPT_SANDBOXING = YES;
				GCC_C_LANGUAGE_STANDARD = gnu17;
				GCC_DYNAMIC_NO_PIC = NO;
				GCC_NO_COMMON_BLOCKS = YES;
				GCC_OPTIMIZATION_LEVEL = 0;
				GCC_PREPROCESSOR_DEFINITIONS = (
					"DEBUG=1",
					"$(inherited)",
				);
				GCC_WARN_64_TO_32_BIT_CONVERSION = YES;
				GCC_WARN_ABOUT_RETURN_TYPE = YES_ERROR;
				GCC_WARN_UNDECLARED_SELECTOR = YES;
				GCC_WARN_UNINITIALIZED_AUTOS = YES_AGGRESSIVE;
				GCC_WARN_UNUSED_FUNCTION = YES;
				GCC_WARN_UNUSED_VARIABLE = YES;
				IPHONEOS_DEPLOYMENT_TARGET = 17.4;
				LOCALIZATION_PREFERS_STRING_CATALOGS = YES;
				MTL_ENABLE_DEBUG_INFO = INCLUDE_SOURCE;
				MTL_FAST_MATH = YES;
				ONLY_ACTIVE_ARCH = YES;
				SDKROOT = iphoneos;
				SWIFT_ACTIVE_COMPILATION_CONDITIONS = "DEBUG $(inherited)";
				SWIFT_OPTIMIZATION_LEVEL = "-Onone";
			};
			name = Debug;
		};
		DDDAF7E72C062B8E00864011 /* Release */ = {
			isa = XCBuildConfiguration;
			buildSettings = {
				ALWAYS_SEARCH_USER_PATHS = NO;
				ASSETCATALOG_COMPILER_GENERATE_SWIFT_ASSET_SYMBOL_EXTENSIONS = YES;
				CLANG_ANALYZER_NONNULL = YES;
				CLANG_ANALYZER_NUMBER_OBJECT_CONVERSION = YES_AGGRESSIVE;
				CLANG_CXX_LANGUAGE_STANDARD = "gnu++20";
				CLANG_ENABLE_MODULES = YES;
				CLANG_ENABLE_OBJC_ARC = YES;
				CLANG_ENABLE_OBJC_WEAK = YES;
				CLANG_WARN_BLOCK_CAPTURE_AUTORELEASING = YES;
				CLANG_WARN_BOOL_CONVERSION = YES;
				CLANG_WARN_COMMA = YES;
				CLANG_WARN_CONSTANT_CONVERSION = YES;
				CLANG_WARN_DEPRECATED_OBJC_IMPLEMENTATIONS = YES;
				CLANG_WARN_DIRECT_OBJC_ISA_USAGE = YES_ERROR;
				CLANG_WARN_DOCUMENTATION_COMMENTS = YES;
				CLANG_WARN_EMPTY_BODY = YES;
				CLANG_WARN_ENUM_CONVERSION = YES;
				CLANG_WARN_INFINITE_RECURSION = YES;
				CLANG_WARN_INT_CONVERSION = YES;
				CLANG_WARN_NON_LITERAL_NULL_CONVERSION = YES;
				CLANG_WARN_OBJC_IMPLICIT_RETAIN_SELF = YES;
				CLANG_WARN_OBJC_LITERAL_CONVERSION = YES;
				CLANG_WARN_OBJC_ROOT_CLASS = YES_ERROR;
				CLANG_WARN_QUOTED_INCLUDE_IN_FRAMEWORK_HEADER = YES;
				CLANG_WARN_RANGE_LOOP_ANALYSIS = YES;
				CLANG_WARN_STRICT_PROTOTYPES = YES;
				CLANG_WARN_SUSPICIOUS_MOVE = YES;
				CLANG_WARN_UNGUARDED_AVAILABILITY = YES_AGGRESSIVE;
				CLANG_WARN_UNREACHABLE_CODE = YES;
				CLANG_WARN__DUPLICATE_METHOD_MATCH = YES;
				COPY_PHASE_STRIP = NO;
				DEBUG_INFORMATION_FORMAT = "dwarf-with-dsym";
				ENABLE_NS_ASSERTIONS = NO;
				ENABLE_STRICT_OBJC_MSGSEND = YES;
				ENABLE_USER_SCRIPT_SANDBOXING = YES;
				GCC_C_LANGUAGE_STANDARD = gnu17;
				GCC_NO_COMMON_BLOCKS = YES;
				GCC_WARN_64_TO_32_BIT_CONVERSION = YES;
				GCC_WARN_ABOUT_RETURN_TYPE = YES_ERROR;
				GCC_WARN_UNDECLARED_SELECTOR = YES;
				GCC_WARN_UNINITIALIZED_AUTOS = YES_AGGRESSIVE;
				GCC_WARN_UNUSED_FUNCTION = YES;
				GCC_WARN_UNUSED_VARIABLE = YES;
				IPHONEOS_DEPLOYMENT_TARGET = 17.4;
				LOCALIZATION_PREFERS_STRING_CATALOGS = YES;
				MTL_ENABLE_DEBUG_INFO = NO;
				MTL_FAST_MATH = YES;
				SDKROOT = iphoneos;
				SWIFT_COMPILATION_MODE = wholemodule;
				VALIDATE_PRODUCT = YES;
			};
			name = Release;
		};
		DDDAF7E92C062B8E00864011 /* Debug */ = {
			isa = XCBuildConfiguration;
			buildSettings = {
				ASSETCATALOG_COMPILER_APPICON_NAME = AppIcon;
				ASSETCATALOG_COMPILER_GLOBAL_ACCENT_COLOR_NAME = AccentColor;
				CODE_SIGN_STYLE = Automatic;
				CURRENT_PROJECT_VERSION = 1;
				DEVELOPMENT_TEAM = HNY76F2F2S;
				GENERATE_INFOPLIST_FILE = YES;
				INFOPLIST_FILE = IOSAssessment/Info.plist;
				INFOPLIST_KEY_UIApplicationSupportsIndirectInputEvents = YES;
				INFOPLIST_KEY_UILaunchStoryboardName = LaunchScreen;
				INFOPLIST_KEY_UIMainStoryboardFile = Main;
				INFOPLIST_KEY_UISupportedInterfaceOrientations_iPad = "UIInterfaceOrientationPortrait UIInterfaceOrientationPortraitUpsideDown UIInterfaceOrientationLandscapeLeft UIInterfaceOrientationLandscapeRight";
				INFOPLIST_KEY_UISupportedInterfaceOrientations_iPhone = "UIInterfaceOrientationPortrait UIInterfaceOrientationLandscapeLeft UIInterfaceOrientationLandscapeRight";
				IPHONEOS_DEPLOYMENT_TARGET = 13.0;
				LD_RUNPATH_SEARCH_PATHS = (
					"$(inherited)",
					"@executable_path/Frameworks",
				);
				MARKETING_VERSION = 1.0;
				PRODUCT_BUNDLE_IDENTIFIER = com.gowrikarthik.IOSAssessment;
				PRODUCT_NAME = "$(TARGET_NAME)";
				SWIFT_EMIT_LOC_STRINGS = YES;
				SWIFT_VERSION = 5.0;
				TARGETED_DEVICE_FAMILY = "1,2";
			};
			name = Debug;
		};
		DDDAF7EA2C062B8E00864011 /* Release */ = {
			isa = XCBuildConfiguration;
			buildSettings = {
				ASSETCATALOG_COMPILER_APPICON_NAME = AppIcon;
				ASSETCATALOG_COMPILER_GLOBAL_ACCENT_COLOR_NAME = AccentColor;
				CODE_SIGN_STYLE = Automatic;
				CURRENT_PROJECT_VERSION = 1;
				DEVELOPMENT_TEAM = HNY76F2F2S;
				GENERATE_INFOPLIST_FILE = YES;
				INFOPLIST_FILE = IOSAssessment/Info.plist;
				INFOPLIST_KEY_UIApplicationSupportsIndirectInputEvents = YES;
				INFOPLIST_KEY_UILaunchStoryboardName = LaunchScreen;
				INFOPLIST_KEY_UIMainStoryboardFile = Main;
				INFOPLIST_KEY_UISupportedInterfaceOrientations_iPad = "UIInterfaceOrientationPortrait UIInterfaceOrientationPortraitUpsideDown UIInterfaceOrientationLandscapeLeft UIInterfaceOrientationLandscapeRight";
				INFOPLIST_KEY_UISupportedInterfaceOrientations_iPhone = "UIInterfaceOrientationPortrait UIInterfaceOrientationLandscapeLeft UIInterfaceOrientationLandscapeRight";
				IPHONEOS_DEPLOYMENT_TARGET = 13.0;
				LD_RUNPATH_SEARCH_PATHS = (
					"$(inherited)",
					"@executable_path/Frameworks",
				);
				MARKETING_VERSION = 1.0;
				PRODUCT_BUNDLE_IDENTIFIER = com.gowrikarthik.IOSAssessment;
				PRODUCT_NAME = "$(TARGET_NAME)";
				SWIFT_EMIT_LOC_STRINGS = YES;
				SWIFT_VERSION = 5.0;
				TARGETED_DEVICE_FAMILY = "1,2";
			};
			name = Release;
		};
/* End XCBuildConfiguration section */

/* Begin XCConfigurationList section */
		DDDAF7CF2C062B8D00864011 /* Build configuration list for PBXProject "IOSAssessment" */ = {
			isa = XCConfigurationList;
			buildConfigurations = (
				DDDAF7E62C062B8E00864011 /* Debug */,
				DDDAF7E72C062B8E00864011 /* Release */,
			);
			defaultConfigurationIsVisible = 0;
			defaultConfigurationName = Release;
		};
		DDDAF7E82C062B8E00864011 /* Build configuration list for PBXNativeTarget "IOSAssessment" */ = {
			isa = XCConfigurationList;
			buildConfigurations = (
				DDDAF7E92C062B8E00864011 /* Debug */,
				DDDAF7EA2C062B8E00864011 /* Release */,
			);
			defaultConfigurationIsVisible = 0;
			defaultConfigurationName = Release;
		};
/* End XCConfigurationList section */
	};
	rootObject = DDDAF7CC2C062B8D00864011 /* Project object */;
}
